
Microsoft Visual Studio Solution File, Format Version 12.00
# Visual Studio Version 17
VisualStudioVersion = 17.7.34031.279
MinimumVisualStudioVersion = 10.0.40219.1
Project("{FAE04EC0-301F-11D3-BF4B-00C04F79EFBC}") = "StackNav.Blazor", "StackNav.Blazor\StackNav.Blazor.csproj", "{F90EAD89-AF7A-40AF-A7E3-A3F05CE6C796}"
EndProject
Global
	GlobalSection(SolutionConfigurationPlatforms) = preSolution
		Debug|Any CPU = Debug|Any CPU
		Release|Any CPU = Release|Any CPU
	EndGlobalSection
	GlobalSection(ProjectConfigurationPlatforms) = postSolution
		{F90EAD89-AF7A-40AF-A7E3-A3F05CE6C796}.Debug|Any CPU.ActiveCfg = Debug|Any CPU
		{F90EAD89-AF7A-40AF-A7E3-A3F05CE6C796}.Debug|Any CPU.Build.0 = Debug|Any CPU
		{F90EAD89-AF7A-40AF-A7E3-A3F05CE6C796}.Release|Any CPU.ActiveCfg = Release|Any CPU
		{F90EAD89-AF7A-40AF-A7E3-A3F05CE6C796}.Release|Any CPU.Build.0 = Release|Any CPU
	EndGlobalSection
	GlobalSection(SolutionProperties) = preSolution
		HideSolutionNode = FALSE
	EndGlobalSection
	GlobalSection(ExtensibilityGlobals) = postSolution
		SolutionGuid = {6BD2766E-A875-4F43-A5A2-3A1551CEAA2A}
	EndGlobalSection
EndGlobal
